
Microsoft Visual Studio Solution File, Format Version 12.00
# Visual Studio Version 17
VisualStudioVersion = 17.0.31903.59
MinimumVisualStudioVersion = 10.0.40219.1
Project("{FAE04EC0-301F-11D3-BF4B-00C04F79EFBC}") = "ColorSpheres", "ColorSpheres\ColorSpheres.csproj", "{99332570-FD7E-4B4A-80F0-6B34EDBF1F44}"
EndProject
Project("{FAE04EC0-301F-11D3-BF4B-00C04F79EFBC}") = "BetterColorSpheres", "BetterColorSpheres\BetterColorSpheres.csproj", "{D5F802DB-B3E8-4ADB-8B73-C1E7C55EE5D8}"
EndProject
Global
	GlobalSection(SolutionConfigurationPlatforms) = preSolution
		Debug|Any CPU = Debug|Any CPU
		Release|Any CPU = Release|Any CPU
	EndGlobalSection
	GlobalSection(SolutionProperties) = preSolution
		HideSolutionNode = FALSE
	EndGlobalSection
	GlobalSection(ProjectConfigurationPlatforms) = postSolution
		{99332570-FD7E-4B4A-80F0-6B34EDBF1F44}.Debug|Any CPU.ActiveCfg = Debug|Any CPU
		{99332570-FD7E-4B4A-80F0-6B34EDBF1F44}.Debug|Any CPU.Build.0 = Debug|Any CPU
		{99332570-FD7E-4B4A-80F0-6B34EDBF1F44}.Release|Any CPU.ActiveCfg = Release|Any CPU
		{99332570-FD7E-4B4A-80F0-6B34EDBF1F44}.Release|Any CPU.Build.0 = Release|Any CPU
		{D5F802DB-B3E8-4ADB-8B73-C1E7C55EE5D8}.Debug|Any CPU.ActiveCfg = Debug|Any CPU
		{D5F802DB-B3E8-4ADB-8B73-C1E7C55EE5D8}.Debug|Any CPU.Build.0 = Debug|Any CPU
		{D5F802DB-B3E8-4ADB-8B73-C1E7C55EE5D8}.Release|Any CPU.ActiveCfg = Release|Any CPU
		{D5F802DB-B3E8-4ADB-8B73-C1E7C55EE5D8}.Release|Any CPU.Build.0 = Release|Any CPU
	EndGlobalSection
EndGlobal
